
Microsoft Visual Studio Solution File, Format Version 12.00
# Visual Studio 15
VisualStudioVersion = 15.0.27130.2027
MinimumVisualStudioVersion = 10.0.40219.1
Project("{9A19103F-16F7-4668-BE54-9A1E7A4F7556}") = "GognizantTask", "GognizantTask\GognizantTask.csproj", "{B96980AC-2F42-4AFE-82AA-FC4295BE0275}"
EndProject
Project("{9A19103F-16F7-4668-BE54-9A1E7A4F7556}") = "Services", "Services\Services.csproj", "{70AA578B-20FC-4035-9350-517D7BACE340}"
EndProject
Project("{9A19103F-16F7-4668-BE54-9A1E7A4F7556}") = "Dal", "Dal\Dal.csproj", "{F156784A-2B5A-4356-B3BD-63CF46A2561A}"
EndProject
Global
	GlobalSection(SolutionConfigurationPlatforms) = preSolution
		Debug|Any CPU = Debug|Any CPU
		Release|Any CPU = Release|Any CPU
	EndGlobalSection
	GlobalSection(ProjectConfigurationPlatforms) = postSolution
		{B96980AC-2F42-4AFE-82AA-FC4295BE0275}.Debug|Any CPU.ActiveCfg = Debug|Any CPU
		{B96980AC-2F42-4AFE-82AA-FC4295BE0275}.Debug|Any CPU.Build.0 = Debug|Any CPU
		{B96980AC-2F42-4AFE-82AA-FC4295BE0275}.Release|Any CPU.ActiveCfg = Release|Any CPU
		{B96980AC-2F42-4AFE-82AA-FC4295BE0275}.Release|Any CPU.Build.0 = Release|Any CPU
		{70AA578B-20FC-4035-9350-517D7BACE340}.Debug|Any CPU.ActiveCfg = Debug|Any CPU
		{70AA578B-20FC-4035-9350-517D7BACE340}.Debug|Any CPU.Build.0 = Debug|Any CPU
		{70AA578B-20FC-4035-9350-517D7BACE340}.Release|Any CPU.ActiveCfg = Release|Any CPU
		{70AA578B-20FC-4035-9350-517D7BACE340}.Release|Any CPU.Build.0 = Release|Any CPU
		{F156784A-2B5A-4356-B3BD-63CF46A2561A}.Debug|Any CPU.ActiveCfg = Debug|Any CPU
		{F156784A-2B5A-4356-B3BD-63CF46A2561A}.Debug|Any CPU.Build.0 = Debug|Any CPU
		{F156784A-2B5A-4356-B3BD-63CF46A2561A}.Release|Any CPU.ActiveCfg = Release|Any CPU
		{F156784A-2B5A-4356-B3BD-63CF46A2561A}.Release|Any CPU.Build.0 = Release|Any CPU
	EndGlobalSection
	GlobalSection(SolutionProperties) = preSolution
		HideSolutionNode = FALSE
	EndGlobalSection
	GlobalSection(ExtensibilityGlobals) = postSolution
		SolutionGuid = {85E1C3F6-ACA3-437C-8DE9-77488E2C04C9}
	EndGlobalSection
EndGlobal
